
Microsoft Visual Studio Solution File, Format Version 12.00
# Visual Studio Version 16
VisualStudioVersion = 16.0.29230.47
MinimumVisualStudioVersion = 10.0.40219.1
Project("{FAE04EC0-301F-11D3-BF4B-00C04F79EFBC}") = "TodoAPI", "TodoAPI\TodoAPI.csproj", "{5288B247-0199-425E-843F-CA60315A6A95}"
EndProject
Global
	GlobalSection(SolutionConfigurationPlatforms) = preSolution
		Debug|Any CPU = Debug|Any CPU
		Release|Any CPU = Release|Any CPU
	EndGlobalSection
	GlobalSection(ProjectConfigurationPlatforms) = postSolution
		{5288B247-0199-425E-843F-CA60315A6A95}.Debug|Any CPU.ActiveCfg = Debug|Any CPU
		{5288B247-0199-425E-843F-CA60315A6A95}.Debug|Any CPU.Build.0 = Debug|Any CPU
		{5288B247-0199-425E-843F-CA60315A6A95}.Release|Any CPU.ActiveCfg = Release|Any CPU
		{5288B247-0199-425E-843F-CA60315A6A95}.Release|Any CPU.Build.0 = Release|Any CPU
	EndGlobalSection
	GlobalSection(SolutionProperties) = preSolution
		HideSolutionNode = FALSE
	EndGlobalSection
	GlobalSection(ExtensibilityGlobals) = postSolution
		SolutionGuid = {E34A431A-5B15-4C2F-A7D1-36A2FBD22E38}
	EndGlobalSection
EndGlobal
